
Microsoft Visual Studio Solution File, Format Version 12.00
# Visual Studio 15
VisualStudioVersion = 15.0.26228.9
MinimumVisualStudioVersion = 10.0.40219.1
Project("{9A19103F-16F7-4668-BE54-9A1E7A4F7556}") = "ErrorMultilingualResourcesFile", "ErrorMultilingualResourcesFile\ErrorMultilingualResourcesFile.csproj", "{B2F770DE-1DCB-44D9-A50D-A7C9FB389D82}"
EndProject
Project("{9A19103F-16F7-4668-BE54-9A1E7A4F7556}") = "ErrorMultilingualResourcesFile.Tests", "ErrorMultilingualResourcesFile.Tests\ErrorMultilingualResourcesFile.Tests.csproj", "{2D61319E-2320-4742-A3DD-0E55DE32A830}"
EndProject
Global
	GlobalSection(SolutionConfigurationPlatforms) = preSolution
		Debug|Any CPU = Debug|Any CPU
		Release|Any CPU = Release|Any CPU
	EndGlobalSection
	GlobalSection(ProjectConfigurationPlatforms) = postSolution
		{B2F770DE-1DCB-44D9-A50D-A7C9FB389D82}.Debug|Any CPU.ActiveCfg = Debug|Any CPU
		{B2F770DE-1DCB-44D9-A50D-A7C9FB389D82}.Debug|Any CPU.Build.0 = Debug|Any CPU
		{B2F770DE-1DCB-44D9-A50D-A7C9FB389D82}.Release|Any CPU.ActiveCfg = Release|Any CPU
		{B2F770DE-1DCB-44D9-A50D-A7C9FB389D82}.Release|Any CPU.Build.0 = Release|Any CPU
		{2D61319E-2320-4742-A3DD-0E55DE32A830}.Debug|Any CPU.ActiveCfg = Debug|Any CPU
		{2D61319E-2320-4742-A3DD-0E55DE32A830}.Debug|Any CPU.Build.0 = Debug|Any CPU
		{2D61319E-2320-4742-A3DD-0E55DE32A830}.Release|Any CPU.ActiveCfg = Release|Any CPU
		{2D61319E-2320-4742-A3DD-0E55DE32A830}.Release|Any CPU.Build.0 = Release|Any CPU
	EndGlobalSection
	GlobalSection(SolutionProperties) = preSolution
		HideSolutionNode = FALSE
	EndGlobalSection
EndGlobal
